
Microsoft Visual Studio Solution File, Format Version 12.00
# Visual Studio Version 17
VisualStudioVersion = 17.7.34221.43
MinimumVisualStudioVersion = 10.0.40219.1
Project("{9A19103F-16F7-4668-BE54-9A1E7A4F7556}") = "MasterMealMind.Web", "MasterMealMind\MasterMealMind.Web.csproj", "{705C781F-B6CC-4407-8835-BF501A837FEE}"
EndProject
Project("{9A19103F-16F7-4668-BE54-9A1E7A4F7556}") = "MasterMealMind.Tests", "MasterMealMind.Tests\MasterMealMind.Tests.csproj", "{E9FE25E3-8797-43AC-B7E0-F1F6DBF8CD29}"
EndProject
Project("{9A19103F-16F7-4668-BE54-9A1E7A4F7556}") = "MasterMealMind.Core", "MasterMealMind.Core\MasterMealMind.Core.csproj", "{73BAA25A-C48C-412E-9DD1-FFF1ECE0CD41}"
EndProject
Project("{9A19103F-16F7-4668-BE54-9A1E7A4F7556}") = "MasterMealMind.Infrastructure", "MasterMealMind.Infrastructure\MasterMealMind.Infrastructure.csproj", "{4A985C93-9939-4A32-A14A-41E4D005618D}"
EndProject
Global
	GlobalSection(SolutionConfigurationPlatforms) = preSolution
		Debug|Any CPU = Debug|Any CPU
		Release|Any CPU = Release|Any CPU
	EndGlobalSection
	GlobalSection(ProjectConfigurationPlatforms) = postSolution
		{705C781F-B6CC-4407-8835-BF501A837FEE}.Debug|Any CPU.ActiveCfg = Debug|Any CPU
		{705C781F-B6CC-4407-8835-BF501A837FEE}.Debug|Any CPU.Build.0 = Debug|Any CPU
		{705C781F-B6CC-4407-8835-BF501A837FEE}.Release|Any CPU.ActiveCfg = Release|Any CPU
		{705C781F-B6CC-4407-8835-BF501A837FEE}.Release|Any CPU.Build.0 = Release|Any CPU
		{E9FE25E3-8797-43AC-B7E0-F1F6DBF8CD29}.Debug|Any CPU.ActiveCfg = Debug|Any CPU
		{E9FE25E3-8797-43AC-B7E0-F1F6DBF8CD29}.Debug|Any CPU.Build.0 = Debug|Any CPU
		{E9FE25E3-8797-43AC-B7E0-F1F6DBF8CD29}.Release|Any CPU.ActiveCfg = Release|Any CPU
		{E9FE25E3-8797-43AC-B7E0-F1F6DBF8CD29}.Release|Any CPU.Build.0 = Release|Any CPU
		{73BAA25A-C48C-412E-9DD1-FFF1ECE0CD41}.Debug|Any CPU.ActiveCfg = Debug|Any CPU
		{73BAA25A-C48C-412E-9DD1-FFF1ECE0CD41}.Debug|Any CPU.Build.0 = Debug|Any CPU
		{73BAA25A-C48C-412E-9DD1-FFF1ECE0CD41}.Release|Any CPU.ActiveCfg = Release|Any CPU
		{73BAA25A-C48C-412E-9DD1-FFF1ECE0CD41}.Release|Any CPU.Build.0 = Release|Any CPU
		{4A985C93-9939-4A32-A14A-41E4D005618D}.Debug|Any CPU.ActiveCfg = Debug|Any CPU
		{4A985C93-9939-4A32-A14A-41E4D005618D}.Debug|Any CPU.Build.0 = Debug|Any CPU
		{4A985C93-9939-4A32-A14A-41E4D005618D}.Release|Any CPU.ActiveCfg = Release|Any CPU
		{4A985C93-9939-4A32-A14A-41E4D005618D}.Release|Any CPU.Build.0 = Release|Any CPU
	EndGlobalSection
	GlobalSection(SolutionProperties) = preSolution
		HideSolutionNode = FALSE
	EndGlobalSection
	GlobalSection(ExtensibilityGlobals) = postSolution
		SolutionGuid = {7C5D7174-2CC2-4A81-A045-70110D8C3F38}
	EndGlobalSection
EndGlobal
